
Microsoft Visual Studio Solution File, Format Version 12.00
# Visual Studio Version 17
VisualStudioVersion = 17.3.32819.101
MinimumVisualStudioVersion = 10.0.40219.1
Project("{FAE04EC0-301F-11D3-BF4B-00C04F79EFBC}") = "Lab2-database", "Lab2-database\Lab2-database.csproj", "{16DE3A37-D918-4AB0-9CDB-85E43BD32C9C}"
EndProject
Global
	GlobalSection(SolutionConfigurationPlatforms) = preSolution
		Debug|Any CPU = Debug|Any CPU
		Release|Any CPU = Release|Any CPU
	EndGlobalSection
	GlobalSection(ProjectConfigurationPlatforms) = postSolution
		{16DE3A37-D918-4AB0-9CDB-85E43BD32C9C}.Debug|Any CPU.ActiveCfg = Debug|Any CPU
		{16DE3A37-D918-4AB0-9CDB-85E43BD32C9C}.Debug|Any CPU.Build.0 = Debug|Any CPU
		{16DE3A37-D918-4AB0-9CDB-85E43BD32C9C}.Release|Any CPU.ActiveCfg = Release|Any CPU
		{16DE3A37-D918-4AB0-9CDB-85E43BD32C9C}.Release|Any CPU.Build.0 = Release|Any CPU
	EndGlobalSection
	GlobalSection(SolutionProperties) = preSolution
		HideSolutionNode = FALSE
	EndGlobalSection
	GlobalSection(ExtensibilityGlobals) = postSolution
		SolutionGuid = {4926035C-4145-4477-8F94-403C39BE080A}
	EndGlobalSection
EndGlobal
